{"1.1.0",
[{<<"base64url">>,
  {git,"https://github.com/dvv/base64url.git",
       {ref,"f2c64ed8b9bebc536fad37ad97243452b674b837"}},
  1},
 {<<"cowboy">>,
  {git,"https://github.com/ninenines/cowboy.git",
       {ref,"d8cdd9bd15e76dca3014f6f76c0ab6666b1dbda3"}},
  0},
 {<<"cowlib">>,
  {git,"https://github.com/ninenines/cowlib",
       {ref,"07cde7c6def6eeed0174b270229e7d5175673d87"}},
  1},
 {<<"enacl_p">>,
  {git,"https://github.com/kzemek/enacl_p.git",
       {ref,"ea22638b684a79eba831d2df54666905bd451b15"}},
  1},
 {<<"goldrush">>,{pkg,<<"goldrush">>,<<"0.1.8">>},1},
 {<<"jsx">>,{pkg,<<"jsx">>,<<"2.8.0">>},0},
 {<<"lager">>,{pkg,<<"lager">>,<<"3.2.1">>},0},
 {<<"macaroons">>,
  {git,"https://github.com/kzemek/macaroons.git",
       {ref,"9d2fef9f37e6b96a68aaaa81c0e5272d61a8b3b0"}},
  0},
 {<<"poolboy">>,{pkg,<<"poolboy">>,<<"1.5.1">>},0},
 {<<"quickrand">>,{pkg,<<"quickrand">>,<<"1.6.0">>},1},
 {<<"ranch">>,
  {git,"https://github.com/ninenines/ranch",
       {ref,"40809cd2b257a8a53bcb5588ecaa88cc5381ff5c"}},
  1},
 {<<"uuid">>,{pkg,<<"uuid_erl">>,<<"1.6.0">>},0}]}.
[
{pkg_hash,[
 {<<"goldrush">>, <<"2024BA375CEEA47E27EA70E14D2C483B2D8610101B4E852EF7F89163CDB6E649">>},
 {<<"jsx">>, <<"749BEC6D205C694AE1786D62CEA6CC45A390437E24835FD16D12D74F07097727">>},
 {<<"lager">>, <<"EEF4E18B39E4195D37606D9088EA05BF1B745986CF8EC84F01D332456FE88D17">>},
 {<<"poolboy">>, <<"6B46163901CFD0A1B43D692657ED9D7E599853B3B21B95AE5AE0A777CF9B6CA8">>},
 {<<"quickrand">>, <<"33A277A639C442D77AB5C1EEA4641A49E3F034FD13658BB57E192A6E083FE77D">>},
 {<<"uuid">>, <<"1BA81515EEB37EEB7F1563B658E30CDF18BCAF1FD6A390BBF3838461753E69D8">>}]}
].
