{"1.1.0",
[{<<"base64url">>,
  {git,"https://github.com/dvv/base64url.git",
       {ref,"f2c64ed8b9bebc536fad37ad97243452b674b837"}},
  1},
 {<<"enacl_p">>,
  {git,"https://github.com/kzemek/enacl_p.git",
       {ref,"ea22638b684a79eba831d2df54666905bd451b15"}},
  1},
 {<<"goldrush">>,{pkg,<<"goldrush">>,<<"0.1.8">>},1},
 {<<"lager">>,{pkg,<<"lager">>,<<"3.2.1">>},0},
 {<<"macaroons">>,
  {git,"https://github.com/kzemek/macaroons.git",
       {ref,"9d2fef9f37e6b96a68aaaa81c0e5272d61a8b3b0"}},
  0}]}.
[
{pkg_hash,[
 {<<"goldrush">>, <<"2024BA375CEEA47E27EA70E14D2C483B2D8610101B4E852EF7F89163CDB6E649">>},
 {<<"lager">>, <<"EEF4E18B39E4195D37606D9088EA05BF1B745986CF8EC84F01D332456FE88D17">>}]}
].
